
Microsoft Visual Studio Solution File, Format Version 12.00
# Visual Studio 15
Project("{FAE04EC0-301F-11D3-BF4B-00C04F79EFBC}") = "Assembly-CSharp", "Assembly-CSharp.csproj", "{E8C121B2-F9C8-5537-9607-23DCF5F3AECD}"
EndProject
Project("{FAE04EC0-301F-11D3-BF4B-00C04F79EFBC}") = "Assembly-CSharp-Editor", "Assembly-CSharp-Editor.csproj", "{E0377ADE-DE86-CE43-922E-7DD859F2822B}"
EndProject
Global
	GlobalSection(SolutionConfigurationPlatforms) = preSolution
		Debug|Any CPU = Debug|Any CPU
		Release|Any CPU = Release|Any CPU
	EndGlobalSection
	GlobalSection(ProjectConfigurationPlatforms) = postSolution
		{E8C121B2-F9C8-5537-9607-23DCF5F3AECD}.Debug|Any CPU.ActiveCfg = Debug|Any CPU
		{E8C121B2-F9C8-5537-9607-23DCF5F3AECD}.Debug|Any CPU.Build.0 = Debug|Any CPU
		{E8C121B2-F9C8-5537-9607-23DCF5F3AECD}.Release|Any CPU.ActiveCfg = Release|Any CPU
		{E8C121B2-F9C8-5537-9607-23DCF5F3AECD}.Release|Any CPU.Build.0 = Release|Any CPU
		{E0377ADE-DE86-CE43-922E-7DD859F2822B}.Debug|Any CPU.ActiveCfg = Debug|Any CPU
		{E0377ADE-DE86-CE43-922E-7DD859F2822B}.Debug|Any CPU.Build.0 = Debug|Any CPU
		{E0377ADE-DE86-CE43-922E-7DD859F2822B}.Release|Any CPU.ActiveCfg = Release|Any CPU
		{E0377ADE-DE86-CE43-922E-7DD859F2822B}.Release|Any CPU.Build.0 = Release|Any CPU
	EndGlobalSection
	GlobalSection(SolutionProperties) = preSolution
		HideSolutionNode = FALSE
	EndGlobalSection
EndGlobal
